// !$*UTF8*$!
{
	archiveVersion = 1;
	classes = {
	};
	objectVersion = 56;
	objects = {

/* Begin PBXBuildFile section */
		1C23AA0629D5789700F44195 /* MapPinsApp.swift in Sources */ = {isa = PBXBuildFile; fileRef = 1C23AA0529D5789700F44195 /* MapPinsApp.swift */; };
		1C23AA0829D5789700F44195 /* Persistence.swift in Sources */ = {isa = PBXBuildFile; fileRef = 1C23AA0729D5789700F44195 /* Persistence.swift */; };
		1C23AA0B29D5789700F44195 /* MapPins.xcdatamodeld in Sources */ = {isa = PBXBuildFile; fileRef = 1C23AA0929D5789700F44195 /* MapPins.xcdatamodeld */; };
		1C23AA0D29D5789700F44195 /* ContentView.swift in Sources */ = {isa = PBXBuildFile; fileRef = 1C23AA0C29D5789700F44195 /* ContentView.swift */; };
		1C23AA0F29D5789800F44195 /* Assets.xcassets in Resources */ = {isa = PBXBuildFile; fileRef = 1C23AA0E29D5789800F44195 /* Assets.xcassets */; };
		1C23AA1329D5789800F44195 /* Preview Assets.xcassets in Resources */ = {isa = PBXBuildFile; fileRef = 1C23AA1229D5789800F44195 /* Preview Assets.xcassets */; };
		1CB5024E29D579DC008BE715 /* MapsView.swift in Sources */ = {isa = PBXBuildFile; fileRef = 1CB5024D29D579DC008BE715 /* MapsView.swift */; };
		1CB5025029D57BA0008BE715 /* LocationManager.swift in Sources */ = {isa = PBXBuildFile; fileRef = 1CB5024F29D57BA0008BE715 /* LocationManager.swift */; };
		1CB5025229D583A9008BE715 /* UserLocation.swift in Sources */ = {isa = PBXBuildFile; fileRef = 1CB5025129D583A9008BE715 /* UserLocation.swift */; };
		1CB5025429D583DB008BE715 /* CLLocationCoordinate2DExtension.swift in Sources */ = {isa = PBXBuildFile; fileRef = 1CB5025329D583DB008BE715 /* CLLocationCoordinate2DExtension.swift */; };
/* End PBXBuildFile section */

/* Begin PBXFileReference section */
		1C23AA0229D5789700F44195 /* MapPins.app */ = {isa = PBXFileReference; explicitFileType = wrapper.application; includeInIndex = 0; path = MapPins.app; sourceTree = BUILT_PRODUCTS_DIR; };
		1C23AA0529D5789700F44195 /* MapPinsApp.swift */ = {isa = PBXFileReference; lastKnownFileType = sourcecode.swift; path = MapPinsApp.swift; sourceTree = "<group>"; };
		1C23AA0729D5789700F44195 /* Persistence.swift */ = {isa = PBXFileReference; lastKnownFileType = sourcecode.swift; path = Persistence.swift; sourceTree = "<group>"; };
		1C23AA0A29D5789700F44195 /* MapPins.xcdatamodel */ = {isa = PBXFileReference; lastKnownFileType = wrapper.xcdatamodel; path = MapPins.xcdatamodel; sourceTree = "<group>"; };
		1C23AA0C29D5789700F44195 /* ContentView.swift */ = {isa = PBXFileReference; lastKnownFileType = sourcecode.swift; path = ContentView.swift; sourceTree = "<group>"; };
		1C23AA0E29D5789800F44195 /* Assets.xcassets */ = {isa = PBXFileReference; lastKnownFileType = folder.assetcatalog; path = Assets.xcassets; sourceTree = "<group>"; };
		1C23AA1029D5789800F44195 /* MapPins.entitlements */ = {isa = PBXFileReference; lastKnownFileType = text.plist.entitlements; path = MapPins.entitlements; sourceTree = "<group>"; };
		1C23AA1229D5789800F44195 /* Preview Assets.xcassets */ = {isa = PBXFileReference; lastKnownFileType = folder.assetcatalog; path = "Preview Assets.xcassets"; sourceTree = "<group>"; };
		1CB5024D29D579DC008BE715 /* MapsView.swift */ = {isa = PBXFileReference; lastKnownFileType = sourcecode.swift; path = MapsView.swift; sourceTree = "<group>"; };
		1CB5024F29D57BA0008BE715 /* LocationManager.swift */ = {isa = PBXFileReference; lastKnownFileType = sourcecode.swift; path = LocationManager.swift; sourceTree = "<group>"; };
		1CB5025129D583A9008BE715 /* UserLocation.swift */ = {isa = PBXFileReference; lastKnownFileType = sourcecode.swift; path = UserLocation.swift; sourceTree = "<group>"; };
		1CB5025329D583DB008BE715 /* CLLocationCoordinate2DExtension.swift */ = {isa = PBXFileReference; lastKnownFileType = sourcecode.swift; path = CLLocationCoordinate2DExtension.swift; sourceTree = "<group>"; };
		1CB8DCD229D59C0400304FC4 /* Info.plist */ = {isa = PBXFileReference; lastKnownFileType = text.plist; path = Info.plist; sourceTree = "<group>"; };
/* End PBXFileReference section */

/* Begin PBXFrameworksBuildPhase section */
		1C23A9FF29D5789700F44195 /* Frameworks */ = {
			isa = PBXFrameworksBuildPhase;
			buildActionMask = 2147483647;
			files = (
			);
			runOnlyForDeploymentPostprocessing = 0;
		};
/* End PBXFrameworksBuildPhase section */

/* Begin PBXGroup section */
		1C23A9F929D5789700F44195 = {
			isa = PBXGroup;
			children = (
				1C23AA0429D5789700F44195 /* MapPins */,
				1C23AA0329D5789700F44195 /* Products */,
			);
			sourceTree = "<group>";
		};
		1C23AA0329D5789700F44195 /* Products */ = {
			isa = PBXGroup;
			children = (
				1C23AA0229D5789700F44195 /* MapPins.app */,
			);
			name = Products;
			sourceTree = "<group>";
		};
		1C23AA0429D5789700F44195 /* MapPins */ = {
			isa = PBXGroup;
			children = (
				1CB8DCD229D59C0400304FC4 /* Info.plist */,
				1CB5025929D585C4008BE715 /* Application */,
				1CB5025629D585A9008BE715 /* Views */,
				1CB5025529D58597008BE715 /* Extensions */,
				1CB5025729D585AF008BE715 /* ViewModels */,
				1CB5025829D585B8008BE715 /* Models */,
				1C23AA0E29D5789800F44195 /* Assets.xcassets */,
				1C23AA1029D5789800F44195 /* MapPins.entitlements */,
				1C23AA0929D5789700F44195 /* MapPins.xcdatamodeld */,
				1C23AA1129D5789800F44195 /* Preview Content */,
			);
			path = MapPins;
			sourceTree = "<group>";
		};
		1C23AA1129D5789800F44195 /* Preview Content */ = {
			isa = PBXGroup;
			children = (
				1C23AA1229D5789800F44195 /* Preview Assets.xcassets */,
			);
			path = "Preview Content";
			sourceTree = "<group>";
		};
		1CB5025529D58597008BE715 /* Extensions */ = {
			isa = PBXGroup;
			children = (
				1CB5025329D583DB008BE715 /* CLLocationCoordinate2DExtension.swift */,
			);
			path = Extensions;
			sourceTree = "<group>";
		};
		1CB5025629D585A9008BE715 /* Views */ = {
			isa = PBXGroup;
			children = (
				1C23AA0C29D5789700F44195 /* ContentView.swift */,
				1CB5024D29D579DC008BE715 /* MapsView.swift */,
			);
			path = Views;
			sourceTree = "<group>";
		};
		1CB5025729D585AF008BE715 /* ViewModels */ = {
			isa = PBXGroup;
			children = (
				1CB5024F29D57BA0008BE715 /* LocationManager.swift */,
			);
			path = ViewModels;
			sourceTree = "<group>";
		};
		1CB5025829D585B8008BE715 /* Models */ = {
			isa = PBXGroup;
			children = (
				1CB5025129D583A9008BE715 /* UserLocation.swift */,
			);
			path = Models;
			sourceTree = "<group>";
		};
		1CB5025929D585C4008BE715 /* Application */ = {
			isa = PBXGroup;
			children = (
				1C23AA0529D5789700F44195 /* MapPinsApp.swift */,
				1C23AA0729D5789700F44195 /* Persistence.swift */,
			);
			path = Application;
			sourceTree = "<group>";
		};
/* End PBXGroup section */

/* Begin PBXNativeTarget section */
		1C23AA0129D5789700F44195 /* MapPins */ = {
			isa = PBXNativeTarget;
			buildConfigurationList = 1C23AA1629D5789800F44195 /* Build configuration list for PBXNativeTarget "MapPins" */;
			buildPhases = (
				1C23A9FE29D5789700F44195 /* Sources */,
				1C23A9FF29D5789700F44195 /* Frameworks */,
				1C23AA0029D5789700F44195 /* Resources */,
			);
			buildRules = (
			);
			dependencies = (
			);
			name = MapPins;
			productName = MapPins;
			productReference = 1C23AA0229D5789700F44195 /* MapPins.app */;
			productType = "com.apple.product-type.application";
		};
/* End PBXNativeTarget section */

/* Begin PBXProject section */
		1C23A9FA29D5789700F44195 /* Project object */ = {
			isa = PBXProject;
			attributes = {
				BuildIndependentTargetsInParallel = 1;
				LastSwiftUpdateCheck = 1420;
				LastUpgradeCheck = 1420;
				TargetAttributes = {
					1C23AA0129D5789700F44195 = {
						CreatedOnToolsVersion = 14.2;
					};
				};
			};
			buildConfigurationList = 1C23A9FD29D5789700F44195 /* Build configuration list for PBXProject "MapPins" */;
			compatibilityVersion = "Xcode 14.0";
			developmentRegion = en;
			hasScannedForEncodings = 0;
			knownRegions = (
				en,
				Base,
			);
			mainGroup = 1C23A9F929D5789700F44195;
			productRefGroup = 1C23AA0329D5789700F44195 /* Products */;
			projectDirPath = "";
			projectRoot = "";
			targets = (
				1C23AA0129D5789700F44195 /* MapPins */,
			);
		};
/* End PBXProject section */

/* Begin PBXResourcesBuildPhase section */
		1C23AA0029D5789700F44195 /* Resources */ = {
			isa = PBXResourcesBuildPhase;
			buildActionMask = 2147483647;
			files = (
				1C23AA1329D5789800F44195 /* Preview Assets.xcassets in Resources */,
				1C23AA0F29D5789800F44195 /* Assets.xcassets in Resources */,
			);
			runOnlyForDeploymentPostprocessing = 0;
		};
/* End PBXResourcesBuildPhase section */

/* Begin PBXSourcesBuildPhase section */
		1C23A9FE29D5789700F44195 /* Sources */ = {
			isa = PBXSourcesBuildPhase;
			buildActionMask = 2147483647;
			files = (
				1C23AA0629D5789700F44195 /* MapPinsApp.swift in Sources */,
				1C23AA0B29D5789700F44195 /* MapPins.xcdatamodeld in Sources */,
				1CB5025029D57BA0008BE715 /* LocationManager.swift in Sources */,
				1CB5025429D583DB008BE715 /* CLLocationCoordinate2DExtension.swift in Sources */,
				1CB5024E29D579DC008BE715 /* MapsView.swift in Sources */,
				1C23AA0D29D5789700F44195 /* ContentView.swift in Sources */,
				1C23AA0829D5789700F44195 /* Persistence.swift in Sources */,
				1CB5025229D583A9008BE715 /* UserLocation.swift in Sources */,
			);
			runOnlyForDeploymentPostprocessing = 0;
		};
/* End PBXSourcesBuildPhase section */

/* Begin XCBuildConfiguration section */
		1C23AA1429D5789800F44195 /* Debug */ = {
			isa = XCBuildConfiguration;
			buildSettings = {
				ALWAYS_SEARCH_USER_PATHS = NO;
				CLANG_ANALYZER_NONNULL = YES;
				CLANG_ANALYZER_NUMBER_OBJECT_CONVERSION = YES_AGGRESSIVE;
				CLANG_CXX_LANGUAGE_STANDARD = "gnu++20";
				CLANG_ENABLE_MODULES = YES;
				CLANG_ENABLE_OBJC_ARC = YES;
				CLANG_ENABLE_OBJC_WEAK = YES;
				CLANG_WARN_BLOCK_CAPTURE_AUTORELEASING = YES;
				CLANG_WARN_BOOL_CONVERSION = YES;
				CLANG_WARN_COMMA = YES;
				CLANG_WARN_CONSTANT_CONVERSION = YES;
				CLANG_WARN_DEPRECATED_OBJC_IMPLEMENTATIONS = YES;
				CLANG_WARN_DIRECT_OBJC_ISA_USAGE = YES_ERROR;
				CLANG_WARN_DOCUMENTATION_COMMENTS = YES;
				CLANG_WARN_EMPTY_BODY = YES;
				CLANG_WARN_ENUM_CONVERSION = YES;
				CLANG_WARN_INFINITE_RECURSION = YES;
				CLANG_WARN_INT_CONVERSION = YES;
				CLANG_WARN_NON_LITERAL_NULL_CONVERSION = YES;
				CLANG_WARN_OBJC_IMPLICIT_RETAIN_SELF = YES;
				CLANG_WARN_OBJC_LITERAL_CONVERSION = YES;
				CLANG_WARN_OBJC_ROOT_CLASS = YES_ERROR;
				CLANG_WARN_QUOTED_INCLUDE_IN_FRAMEWORK_HEADER = YES;
				CLANG_WARN_RANGE_LOOP_ANALYSIS = YES;
				CLANG_WARN_STRICT_PROTOTYPES = YES;
				CLANG_WARN_SUSPICIOUS_MOVE = YES;
				CLANG_WARN_UNGUARDED_AVAILABILITY = YES_AGGRESSIVE;
				CLANG_WARN_UNREACHABLE_CODE = YES;
				CLANG_WARN__DUPLICATE_METHOD_MATCH = YES;
				COPY_PHASE_STRIP = NO;
				DEBUG_INFORMATION_FORMAT = dwarf;
				ENABLE_STRICT_OBJC_MSGSEND = YES;
				ENABLE_TESTABILITY = YES;
				GCC_C_LANGUAGE_STANDARD = gnu11;
				GCC_DYNAMIC_NO_PIC = NO;
				GCC_NO_COMMON_BLOCKS = YES;
				GCC_OPTIMIZATION_LEVEL = 0;
				GCC_PREPROCESSOR_DEFINITIONS = (
					"DEBUG=1",
					"$(inherited)",
				);
				GCC_WARN_64_TO_32_BIT_CONVERSION = YES;
				GCC_WARN_ABOUT_RETURN_TYPE = YES_ERROR;
				GCC_WARN_UNDECLARED_SELECTOR = YES;
				GCC_WARN_UNINITIALIZED_AUTOS = YES_AGGRESSIVE;
				GCC_WARN_UNUSED_FUNCTION = YES;
				GCC_WARN_UNUSED_VARIABLE = YES;
				IPHONEOS_DEPLOYMENT_TARGET = 15.0;
				MACOSX_DEPLOYMENT_TARGET = 12.0;
				MTL_ENABLE_DEBUG_INFO = INCLUDE_SOURCE;
				MTL_FAST_MATH = YES;
				ONLY_ACTIVE_ARCH = YES;
				SWIFT_ACTIVE_COMPILATION_CONDITIONS = DEBUG;
				SWIFT_OPTIMIZATION_LEVEL = "-Onone";
			};
			name = Debug;
		};
		1C23AA1529D5789800F44195 /* Release */ = {
			isa = XCBuildConfiguration;
			buildSettings = {
				ALWAYS_SEARCH_USER_PATHS = NO;
				CLANG_ANALYZER_NONNULL = YES;
				CLANG_ANALYZER_NUMBER_OBJECT_CONVERSION = YES_AGGRESSIVE;
				CLANG_CXX_LANGUAGE_STANDARD = "gnu++20";
				CLANG_ENABLE_MODULES = YES;
				CLANG_ENABLE_OBJC_ARC = YES;
				CLANG_ENABLE_OBJC_WEAK = YES;
				CLANG_WARN_BLOCK_CAPTURE_AUTORELEASING = YES;
				CLANG_WARN_BOOL_CONVERSION = YES;
				CLANG_WARN_COMMA = YES;
				CLANG_WARN_CONSTANT_CONVERSION = YES;
				CLANG_WARN_DEPRECATED_OBJC_IMPLEMENTATIONS = YES;
				CLANG_WARN_DIRECT_OBJC_ISA_USAGE = YES_ERROR;
				CLANG_WARN_DOCUMENTATION_COMMENTS = YES;
				CLANG_WARN_EMPTY_BODY = YES;
				CLANG_WARN_ENUM_CONVERSION = YES;
				CLANG_WARN_INFINITE_RECURSION = YES;
				CLANG_WARN_INT_CONVERSION = YES;
				CLANG_WARN_NON_LITERAL_NULL_CONVERSION = YES;
				CLANG_WARN_OBJC_IMPLICIT_RETAIN_SELF = YES;
				CLANG_WARN_OBJC_LITERAL_CONVERSION = YES;
				CLANG_WARN_OBJC_ROOT_CLASS = YES_ERROR;
				CLANG_WARN_QUOTED_INCLUDE_IN_FRAMEWORK_HEADER = YES;
				CLANG_WARN_RANGE_LOOP_ANALYSIS = YES;
				CLANG_WARN_STRICT_PROTOTYPES = YES;
				CLANG_WARN_SUSPICIOUS_MOVE = YES;
				CLANG_WARN_UNGUARDED_AVAILABILITY = YES_AGGRESSIVE;
				CLANG_WARN_UNREACHABLE_CODE = YES;
				CLANG_WARN__DUPLICATE_METHOD_MATCH = YES;
				COPY_PHASE_STRIP = NO;
				DEBUG_INFORMATION_FORMAT = "dwarf-with-dsym";
				ENABLE_NS_ASSERTIONS = NO;
				ENABLE_STRICT_OBJC_MSGSEND = YES;
				GCC_C_LANGUAGE_STANDARD = gnu11;
				GCC_NO_COMMON_BLOCKS = YES;
				GCC_WARN_64_TO_32_BIT_CONVERSION = YES;
				GCC_WARN_ABOUT_RETURN_TYPE = YES_ERROR;
				GCC_WARN_UNDECLARED_SELECTOR = YES;
				GCC_WARN_UNINITIALIZED_AUTOS = YES_AGGRESSIVE;
				GCC_WARN_UNUSED_FUNCTION = YES;
				GCC_WARN_UNUSED_VARIABLE = YES;
				IPHONEOS_DEPLOYMENT_TARGET = 15.0;
				MACOSX_DEPLOYMENT_TARGET = 12.0;
				MTL_ENABLE_DEBUG_INFO = NO;
				MTL_FAST_MATH = YES;
				SWIFT_COMPILATION_MODE = wholemodule;
				SWIFT_OPTIMIZATION_LEVEL = "-O";
			};
			name = Release;
		};
		1C23AA1729D5789800F44195 /* Debug */ = {
			isa = XCBuildConfiguration;
			buildSettings = {
				ASSETCATALOG_COMPILER_APPICON_NAME = AppIcon;
				ASSETCATALOG_COMPILER_GLOBAL_ACCENT_COLOR_NAME = AccentColor;
				CODE_SIGN_ENTITLEMENTS = MapPins/MapPins.entitlements;
				"CODE_SIGN_IDENTITY[sdk=macosx*]" = "-";
				CODE_SIGN_STYLE = Automatic;
				CURRENT_PROJECT_VERSION = 1;
				DEVELOPMENT_ASSET_PATHS = "\"MapPins/Preview Content\"";
				DEVELOPMENT_TEAM = 6526WFULUB;
				ENABLE_HARDENED_RUNTIME = YES;
				ENABLE_PREVIEWS = YES;
				GENERATE_INFOPLIST_FILE = YES;
				INFOPLIST_FILE = MapPins/Info.plist;
				INFOPLIST_KEY_LSApplicationCategoryType = "";
				INFOPLIST_KEY_NSLocationAlwaysAndWhenInUseUsageDescription = "uses location to find new friends";
				INFOPLIST_KEY_NSLocationWhenInUseUsageDescription = "uses location to find new friends";
				"INFOPLIST_KEY_UIApplicationSceneManifest_Generation[sdk=iphoneos*]" = YES;
				"INFOPLIST_KEY_UIApplicationSceneManifest_Generation[sdk=iphonesimulator*]" = YES;
				"INFOPLIST_KEY_UIApplicationSupportsIndirectInputEvents[sdk=iphoneos*]" = YES;
				"INFOPLIST_KEY_UIApplicationSupportsIndirectInputEvents[sdk=iphonesimulator*]" = YES;
				"INFOPLIST_KEY_UILaunchScreen_Generation[sdk=iphoneos*]" = YES;
				"INFOPLIST_KEY_UILaunchScreen_Generation[sdk=iphonesimulator*]" = YES;
				"INFOPLIST_KEY_UIStatusBarStyle[sdk=iphoneos*]" = UIStatusBarStyleDefault;
				"INFOPLIST_KEY_UIStatusBarStyle[sdk=iphonesimulator*]" = UIStatusBarStyleDefault;
				INFOPLIST_KEY_UISupportedInterfaceOrientations_iPad = "UIInterfaceOrientationPortrait UIInterfaceOrientationPortraitUpsideDown UIInterfaceOrientationLandscapeLeft UIInterfaceOrientationLandscapeRight";
				INFOPLIST_KEY_UISupportedInterfaceOrientations_iPhone = "UIInterfaceOrientationPortrait UIInterfaceOrientationLandscapeLeft UIInterfaceOrientationLandscapeRight";
				IPHONEOS_DEPLOYMENT_TARGET = 15.0;
				LD_RUNPATH_SEARCH_PATHS = "@executable_path/Frameworks";
				"LD_RUNPATH_SEARCH_PATHS[sdk=macosx*]" = "@executable_path/../Frameworks";
				MACOSX_DEPLOYMENT_TARGET = 12.0;
				MARKETING_VERSION = 1.0;
				PRODUCT_BUNDLE_IDENTIFIER = com.majidjamali.MapPins;
				PRODUCT_NAME = "$(TARGET_NAME)";
				SDKROOT = auto;
				SUPPORTED_PLATFORMS = "iphoneos iphonesimulator macosx";
				SWIFT_EMIT_LOC_STRINGS = YES;
				SWIFT_VERSION = 5.0;
				TARGETED_DEVICE_FAMILY = "1,2";
			};
			name = Debug;
		};
		1C23AA1829D5789800F44195 /* Release */ = {
			isa = XCBuildConfiguration;
			buildSettings = {
				ASSETCATALOG_COMPILER_APPICON_NAME = AppIcon;
				ASSETCATALOG_COMPILER_GLOBAL_ACCENT_COLOR_NAME = AccentColor;
				CODE_SIGN_ENTITLEMENTS = MapPins/MapPins.entitlements;
				"CODE_SIGN_IDENTITY[sdk=macosx*]" = "-";
				CODE_SIGN_STYLE = Automatic;
				CURRENT_PROJECT_VERSION = 1;
				DEVELOPMENT_ASSET_PATHS = "\"MapPins/Preview Content\"";
				DEVELOPMENT_TEAM = 6526WFULUB;
				ENABLE_HARDENED_RUNTIME = YES;
				ENABLE_PREVIEWS = YES;
				GENERATE_INFOPLIST_FILE = YES;
				INFOPLIST_FILE = MapPins/Info.plist;
				INFOPLIST_KEY_LSApplicationCategoryType = "";
				INFOPLIST_KEY_NSLocationAlwaysAndWhenInUseUsageDescription = "uses location to find new friends";
				INFOPLIST_KEY_NSLocationWhenInUseUsageDescription = "uses location to find new friends";
				"INFOPLIST_KEY_UIApplicationSceneManifest_Generation[sdk=iphoneos*]" = YES;
				"INFOPLIST_KEY_UIApplicationSceneManifest_Generation[sdk=iphonesimulator*]" = YES;
				"INFOPLIST_KEY_UIApplicationSupportsIndirectInputEvents[sdk=iphoneos*]" = YES;
				"INFOPLIST_KEY_UIApplicationSupportsIndirectInputEvents[sdk=iphonesimulator*]" = YES;
				"INFOPLIST_KEY_UILaunchScreen_Generation[sdk=iphoneos*]" = YES;
				"INFOPLIST_KEY_UILaunchScreen_Generation[sdk=iphonesimulator*]" = YES;
				"INFOPLIST_KEY_UIStatusBarStyle[sdk=iphoneos*]" = UIStatusBarStyleDefault;
				"INFOPLIST_KEY_UIStatusBarStyle[sdk=iphonesimulator*]" = UIStatusBarStyleDefault;
				INFOPLIST_KEY_UISupportedInterfaceOrientations_iPad = "UIInterfaceOrientationPortrait UIInterfaceOrientationPortraitUpsideDown UIInterfaceOrientationLandscapeLeft UIInterfaceOrientationLandscapeRight";
				INFOPLIST_KEY_UISupportedInterfaceOrientations_iPhone = "UIInterfaceOrientationPortrait UIInterfaceOrientationLandscapeLeft UIInterfaceOrientationLandscapeRight";
				IPHONEOS_DEPLOYMENT_TARGET = 15.0;
				LD_RUNPATH_SEARCH_PATHS = "@executable_path/Frameworks";
				"LD_RUNPATH_SEARCH_PATHS[sdk=macosx*]" = "@executable_path/../Frameworks";
				MACOSX_DEPLOYMENT_TARGET = 12.0;
				MARKETING_VERSION = 1.0;
				PRODUCT_BUNDLE_IDENTIFIER = com.majidjamali.MapPins;
				PRODUCT_NAME = "$(TARGET_NAME)";
				SDKROOT = auto;
				SUPPORTED_PLATFORMS = "iphoneos iphonesimulator macosx";
				SWIFT_EMIT_LOC_STRINGS = YES;
				SWIFT_VERSION = 5.0;
				TARGETED_DEVICE_FAMILY = "1,2";
			};
			name = Release;
		};
/* End XCBuildConfiguration section */

/* Begin XCConfigurationList section */
		1C23A9FD29D5789700F44195 /* Build configuration list for PBXProject "MapPins" */ = {
			isa = XCConfigurationList;
			buildConfigurations = (
				1C23AA1429D5789800F44195 /* Debug */,
				1C23AA1529D5789800F44195 /* Release */,
			);
			defaultConfigurationIsVisible = 0;
			defaultConfigurationName = Release;
		};
		1C23AA1629D5789800F44195 /* Build configuration list for PBXNativeTarget "MapPins" */ = {
			isa = XCConfigurationList;
			buildConfigurations = (
				1C23AA1729D5789800F44195 /* Debug */,
				1C23AA1829D5789800F44195 /* Release */,
			);
			defaultConfigurationIsVisible = 0;
			defaultConfigurationName = Release;
		};
/* End XCConfigurationList section */

/* Begin XCVersionGroup section */
		1C23AA0929D5789700F44195 /* MapPins.xcdatamodeld */ = {
			isa = XCVersionGroup;
			children = (
				1C23AA0A29D5789700F44195 /* MapPins.xcdatamodel */,
			);
			currentVersion = 1C23AA0A29D5789700F44195 /* MapPins.xcdatamodel */;
			path = MapPins.xcdatamodeld;
			sourceTree = "<group>";
			versionGroupType = wrapper.xcdatamodel;
		};
/* End XCVersionGroup section */
	};
	rootObject = 1C23A9FA29D5789700F44195 /* Project object */;
}
